
Microsoft Visual Studio Solution File, Format Version 12.00
Project("{FAE04EC0-301F-11D3-BF4B-00C04F79EFBC}") = "ChessEngineInterfacePOC", "ChessEngineInterfacePOC\ChessEngineInterfacePOC.csproj", "{53D5BDB6-BA65-4D9C-A887-FAB0A3FE7CEB}"
EndProject
Global
	GlobalSection(SolutionConfigurationPlatforms) = preSolution
		Debug|Any CPU = Debug|Any CPU
		Release|Any CPU = Release|Any CPU
	EndGlobalSection
	GlobalSection(ProjectConfigurationPlatforms) = postSolution
		{53D5BDB6-BA65-4D9C-A887-FAB0A3FE7CEB}.Debug|Any CPU.ActiveCfg = Debug|Any CPU
		{53D5BDB6-BA65-4D9C-A887-FAB0A3FE7CEB}.Debug|Any CPU.Build.0 = Debug|Any CPU
		{53D5BDB6-BA65-4D9C-A887-FAB0A3FE7CEB}.Release|Any CPU.ActiveCfg = Release|Any CPU
		{53D5BDB6-BA65-4D9C-A887-FAB0A3FE7CEB}.Release|Any CPU.Build.0 = Release|Any CPU
	EndGlobalSection
EndGlobal
